// !$*UTF8*$!
{
	archiveVersion = 1;
	classes = {
	};
	objectVersion = 50;
	objects = {

/* Begin PBXBuildFile section */
		3B5771762336915E00D5072B /* FilterManager.swift in Sources */ = {isa = PBXBuildFile; fileRef = 3B5771752336915E00D5072B /* FilterManager.swift */; };
		3B5771782336A68E00D5072B /* CaptureButton.swift in Sources */ = {isa = PBXBuildFile; fileRef = 3B5771772336A68E00D5072B /* CaptureButton.swift */; };
		3B57717A2336A7AC00D5072B /* Helpers.swift in Sources */ = {isa = PBXBuildFile; fileRef = 3B5771792336A7AC00D5072B /* Helpers.swift */; };
		3BB448AE233231D60002785C /* AppDelegate.swift in Sources */ = {isa = PBXBuildFile; fileRef = 3BB448AD233231D60002785C /* AppDelegate.swift */; };
		3BB448B0233231D60002785C /* ViewController.swift in Sources */ = {isa = PBXBuildFile; fileRef = 3BB448AF233231D60002785C /* ViewController.swift */; };
		3BB448B3233231D60002785C /* Main.storyboard in Resources */ = {isa = PBXBuildFile; fileRef = 3BB448B1233231D60002785C /* Main.storyboard */; };
		3BB448B5233231D70002785C /* Assets.xcassets in Resources */ = {isa = PBXBuildFile; fileRef = 3BB448B4233231D70002785C /* Assets.xcassets */; };
		3BB448B8233231D70002785C /* LaunchScreen.storyboard in Resources */ = {isa = PBXBuildFile; fileRef = 3BB448B6233231D70002785C /* LaunchScreen.storyboard */; };
		3BB448CB233291D60002785C /* CameraController.swift in Sources */ = {isa = PBXBuildFile; fileRef = 3BB448CA233291D60002785C /* CameraController.swift */; };
/* End PBXBuildFile section */

/* Begin PBXFileReference section */
		3B5771752336915E00D5072B /* FilterManager.swift */ = {isa = PBXFileReference; lastKnownFileType = sourcecode.swift; path = FilterManager.swift; sourceTree = "<group>"; };
		3B5771772336A68E00D5072B /* CaptureButton.swift */ = {isa = PBXFileReference; lastKnownFileType = sourcecode.swift; path = CaptureButton.swift; sourceTree = "<group>"; };
		3B5771792336A7AC00D5072B /* Helpers.swift */ = {isa = PBXFileReference; lastKnownFileType = sourcecode.swift; path = Helpers.swift; sourceTree = "<group>"; };
		3BB448AA233231D60002785C /* CameraTestAM.app */ = {isa = PBXFileReference; explicitFileType = wrapper.application; includeInIndex = 0; path = CameraTestAM.app; sourceTree = BUILT_PRODUCTS_DIR; };
		3BB448AD233231D60002785C /* AppDelegate.swift */ = {isa = PBXFileReference; lastKnownFileType = sourcecode.swift; path = AppDelegate.swift; sourceTree = "<group>"; };
		3BB448AF233231D60002785C /* ViewController.swift */ = {isa = PBXFileReference; lastKnownFileType = sourcecode.swift; path = ViewController.swift; sourceTree = "<group>"; };
		3BB448B2233231D60002785C /* Base */ = {isa = PBXFileReference; lastKnownFileType = file.storyboard; name = Base; path = Base.lproj/Main.storyboard; sourceTree = "<group>"; };
		3BB448B4233231D70002785C /* Assets.xcassets */ = {isa = PBXFileReference; lastKnownFileType = folder.assetcatalog; path = Assets.xcassets; sourceTree = "<group>"; };
		3BB448B7233231D70002785C /* Base */ = {isa = PBXFileReference; lastKnownFileType = file.storyboard; name = Base; path = Base.lproj/LaunchScreen.storyboard; sourceTree = "<group>"; };
		3BB448B9233231D70002785C /* Info.plist */ = {isa = PBXFileReference; lastKnownFileType = text.plist.xml; path = Info.plist; sourceTree = "<group>"; };
		3BB448CA233291D60002785C /* CameraController.swift */ = {isa = PBXFileReference; lastKnownFileType = sourcecode.swift; path = CameraController.swift; sourceTree = "<group>"; };
/* End PBXFileReference section */

/* Begin PBXFrameworksBuildPhase section */
		3BB448A7233231D60002785C /* Frameworks */ = {
			isa = PBXFrameworksBuildPhase;
			buildActionMask = 2147483647;
			files = (
			);
			runOnlyForDeploymentPostprocessing = 0;
		};
/* End PBXFrameworksBuildPhase section */

/* Begin PBXGroup section */
		3BB448A1233231D60002785C = {
			isa = PBXGroup;
			children = (
				3BB448AC233231D60002785C /* CameraTestAM */,
				3BB448AB233231D60002785C /* Products */,
			);
			sourceTree = "<group>";
		};
		3BB448AB233231D60002785C /* Products */ = {
			isa = PBXGroup;
			children = (
				3BB448AA233231D60002785C /* CameraTestAM.app */,
			);
			name = Products;
			sourceTree = "<group>";
		};
		3BB448AC233231D60002785C /* CameraTestAM */ = {
			isa = PBXGroup;
			children = (
				3BE137D923339A6B00D7325B /* Resources */,
				3BB448C3233279BD0002785C /* Source */,
				3BB448B1233231D60002785C /* Main.storyboard */,
				3BB448B6233231D70002785C /* LaunchScreen.storyboard */,
				3BB448B9233231D70002785C /* Info.plist */,
			);
			path = CameraTestAM;
			sourceTree = "<group>";
		};
		3BB448C3233279BD0002785C /* Source */ = {
			isa = PBXGroup;
			children = (
				3BB448CA233291D60002785C /* CameraController.swift */,
				3B5771752336915E00D5072B /* FilterManager.swift */,
				3BB448AF233231D60002785C /* ViewController.swift */,
				3BB448AD233231D60002785C /* AppDelegate.swift */,
				3B5771772336A68E00D5072B /* CaptureButton.swift */,
				3B5771792336A7AC00D5072B /* Helpers.swift */,
			);
			path = Source;
			sourceTree = "<group>";
		};
		3BE137D923339A6B00D7325B /* Resources */ = {
			isa = PBXGroup;
			children = (
				3BB448B4233231D70002785C /* Assets.xcassets */,
			);
			path = Resources;
			sourceTree = "<group>";
		};
/* End PBXGroup section */

/* Begin PBXNativeTarget section */
		3BB448A9233231D60002785C /* CameraTestAM */ = {
			isa = PBXNativeTarget;
			buildConfigurationList = 3BB448BC233231D70002785C /* Build configuration list for PBXNativeTarget "CameraTestAM" */;
			buildPhases = (
				3BB448A6233231D60002785C /* Sources */,
				3BB448A7233231D60002785C /* Frameworks */,
				3BB448A8233231D60002785C /* Resources */,
			);
			buildRules = (
			);
			dependencies = (
			);
			name = CameraTestAM;
			productName = CameraTestAM;
			productReference = 3BB448AA233231D60002785C /* CameraTestAM.app */;
			productType = "com.apple.product-type.application";
		};
/* End PBXNativeTarget section */

/* Begin PBXProject section */
		3BB448A2233231D60002785C /* Project object */ = {
			isa = PBXProject;
			attributes = {
				LastSwiftUpdateCheck = 1030;
				LastUpgradeCheck = 1030;
				ORGANIZATIONNAME = "Александр Амельченко";
				TargetAttributes = {
					3BB448A9233231D60002785C = {
						CreatedOnToolsVersion = 10.3;
					};
				};
			};
			buildConfigurationList = 3BB448A5233231D60002785C /* Build configuration list for PBXProject "CameraTestAM" */;
			compatibilityVersion = "Xcode 9.3";
			developmentRegion = en;
			hasScannedForEncodings = 0;
			knownRegions = (
				en,
				Base,
			);
			mainGroup = 3BB448A1233231D60002785C;
			productRefGroup = 3BB448AB233231D60002785C /* Products */;
			projectDirPath = "";
			projectRoot = "";
			targets = (
				3BB448A9233231D60002785C /* CameraTestAM */,
			);
		};
/* End PBXProject section */

/* Begin PBXResourcesBuildPhase section */
		3BB448A8233231D60002785C /* Resources */ = {
			isa = PBXResourcesBuildPhase;
			buildActionMask = 2147483647;
			files = (
				3BB448B8233231D70002785C /* LaunchScreen.storyboard in Resources */,
				3BB448B5233231D70002785C /* Assets.xcassets in Resources */,
				3BB448B3233231D60002785C /* Main.storyboard in Resources */,
			);
			runOnlyForDeploymentPostprocessing = 0;
		};
/* End PBXResourcesBuildPhase section */

/* Begin PBXSourcesBuildPhase section */
		3BB448A6233231D60002785C /* Sources */ = {
			isa = PBXSourcesBuildPhase;
			buildActionMask = 2147483647;
			files = (
				3BB448B0233231D60002785C /* ViewController.swift in Sources */,
				3B57717A2336A7AC00D5072B /* Helpers.swift in Sources */,
				3B5771782336A68E00D5072B /* CaptureButton.swift in Sources */,
				3BB448CB233291D60002785C /* CameraController.swift in Sources */,
				3BB448AE233231D60002785C /* AppDelegate.swift in Sources */,
				3B5771762336915E00D5072B /* FilterManager.swift in Sources */,
			);
			runOnlyForDeploymentPostprocessing = 0;
		};
/* End PBXSourcesBuildPhase section */

/* Begin PBXVariantGroup section */
		3BB448B1233231D60002785C /* Main.storyboard */ = {
			isa = PBXVariantGroup;
			children = (
				3BB448B2233231D60002785C /* Base */,
			);
			name = Main.storyboard;
			sourceTree = "<group>";
		};
		3BB448B6233231D70002785C /* LaunchScreen.storyboard */ = {
			isa = PBXVariantGroup;
			children = (
				3BB448B7233231D70002785C /* Base */,
			);
			name = LaunchScreen.storyboard;
			sourceTree = "<group>";
		};
/* End PBXVariantGroup section */

/* Begin XCBuildConfiguration section */
		3BB448BA233231D70002785C /* Debug */ = {
			isa = XCBuildConfiguration;
			buildSettings = {
				ALWAYS_SEARCH_USER_PATHS = NO;
				CLANG_ANALYZER_NONNULL = YES;
				CLANG_ANALYZER_NUMBER_OBJECT_CONVERSION = YES_AGGRESSIVE;
				CLANG_CXX_LANGUAGE_STANDARD = "gnu++14";
				CLANG_CXX_LIBRARY = "libc++";
				CLANG_ENABLE_MODULES = YES;
				CLANG_ENABLE_OBJC_ARC = YES;
				CLANG_ENABLE_OBJC_WEAK = YES;
				CLANG_WARN_BLOCK_CAPTURE_AUTORELEASING = YES;
				CLANG_WARN_BOOL_CONVERSION = YES;
				CLANG_WARN_COMMA = YES;
				CLANG_WARN_CONSTANT_CONVERSION = YES;
				CLANG_WARN_DEPRECATED_OBJC_IMPLEMENTATIONS = YES;
				CLANG_WARN_DIRECT_OBJC_ISA_USAGE = YES_ERROR;
				CLANG_WARN_DOCUMENTATION_COMMENTS = YES;
				CLANG_WARN_EMPTY_BODY = YES;
				CLANG_WARN_ENUM_CONVERSION = YES;
				CLANG_WARN_INFINITE_RECURSION = YES;
				CLANG_WARN_INT_CONVERSION = YES;
				CLANG_WARN_NON_LITERAL_NULL_CONVERSION = YES;
				CLANG_WARN_OBJC_IMPLICIT_RETAIN_SELF = YES;
				CLANG_WARN_OBJC_LITERAL_CONVERSION = YES;
				CLANG_WARN_OBJC_ROOT_CLASS = YES_ERROR;
				CLANG_WARN_RANGE_LOOP_ANALYSIS = YES;
				CLANG_WARN_STRICT_PROTOTYPES = YES;
				CLANG_WARN_SUSPICIOUS_MOVE = YES;
				CLANG_WARN_UNGUARDED_AVAILABILITY = YES_AGGRESSIVE;
				CLANG_WARN_UNREACHABLE_CODE = YES;
				CLANG_WARN__DUPLICATE_METHOD_MATCH = YES;
				CODE_SIGN_IDENTITY = "iPhone Developer";
				COPY_PHASE_STRIP = NO;
				DEBUG_INFORMATION_FORMAT = dwarf;
				ENABLE_STRICT_OBJC_MSGSEND = YES;
				ENABLE_TESTABILITY = YES;
				GCC_C_LANGUAGE_STANDARD = gnu11;
				GCC_DYNAMIC_NO_PIC = NO;
				GCC_NO_COMMON_BLOCKS = YES;
				GCC_OPTIMIZATION_LEVEL = 0;
				GCC_PREPROCESSOR_DEFINITIONS = (
					"DEBUG=1",
					"$(inherited)",
				);
				GCC_WARN_64_TO_32_BIT_CONVERSION = YES;
				GCC_WARN_ABOUT_RETURN_TYPE = YES_ERROR;
				GCC_WARN_UNDECLARED_SELECTOR = YES;
				GCC_WARN_UNINITIALIZED_AUTOS = YES_AGGRESSIVE;
				GCC_WARN_UNUSED_FUNCTION = YES;
				GCC_WARN_UNUSED_VARIABLE = YES;
				IPHONEOS_DEPLOYMENT_TARGET = 12.4;
				MTL_ENABLE_DEBUG_INFO = INCLUDE_SOURCE;
				MTL_FAST_MATH = YES;
				ONLY_ACTIVE_ARCH = YES;
				SDKROOT = iphoneos;
				SWIFT_ACTIVE_COMPILATION_CONDITIONS = DEBUG;
				SWIFT_OPTIMIZATION_LEVEL = "-Onone";
			};
			name = Debug;
		};
		3BB448BB233231D70002785C /* Release */ = {
			isa = XCBuildConfiguration;
			buildSettings = {
				ALWAYS_SEARCH_USER_PATHS = NO;
				CLANG_ANALYZER_NONNULL = YES;
				CLANG_ANALYZER_NUMBER_OBJECT_CONVERSION = YES_AGGRESSIVE;
				CLANG_CXX_LANGUAGE_STANDARD = "gnu++14";
				CLANG_CXX_LIBRARY = "libc++";
				CLANG_ENABLE_MODULES = YES;
				CLANG_ENABLE_OBJC_ARC = YES;
				CLANG_ENABLE_OBJC_WEAK = YES;
				CLANG_WARN_BLOCK_CAPTURE_AUTORELEASING = YES;
				CLANG_WARN_BOOL_CONVERSION = YES;
				CLANG_WARN_COMMA = YES;
				CLANG_WARN_CONSTANT_CONVERSION = YES;
				CLANG_WARN_DEPRECATED_OBJC_IMPLEMENTATIONS = YES;
				CLANG_WARN_DIRECT_OBJC_ISA_USAGE = YES_ERROR;
				CLANG_WARN_DOCUMENTATION_COMMENTS = YES;
				CLANG_WARN_EMPTY_BODY = YES;
				CLANG_WARN_ENUM_CONVERSION = YES;
				CLANG_WARN_INFINITE_RECURSION = YES;
				CLANG_WARN_INT_CONVERSION = YES;
				CLANG_WARN_NON_LITERAL_NULL_CONVERSION = YES;
				CLANG_WARN_OBJC_IMPLICIT_RETAIN_SELF = YES;
				CLANG_WARN_OBJC_LITERAL_CONVERSION = YES;
				CLANG_WARN_OBJC_ROOT_CLASS = YES_ERROR;
				CLANG_WARN_RANGE_LOOP_ANALYSIS = YES;
				CLANG_WARN_STRICT_PROTOTYPES = YES;
				CLANG_WARN_SUSPICIOUS_MOVE = YES;
				CLANG_WARN_UNGUARDED_AVAILABILITY = YES_AGGRESSIVE;
				CLANG_WARN_UNREACHABLE_CODE = YES;
				CLANG_WARN__DUPLICATE_METHOD_MATCH = YES;
				CODE_SIGN_IDENTITY = "iPhone Developer";
				COPY_PHASE_STRIP = NO;
				DEBUG_INFORMATION_FORMAT = "dwarf-with-dsym";
				ENABLE_NS_ASSERTIONS = NO;
				ENABLE_STRICT_OBJC_MSGSEND = YES;
				GCC_C_LANGUAGE_STANDARD = gnu11;
				GCC_NO_COMMON_BLOCKS = YES;
				GCC_WARN_64_TO_32_BIT_CONVERSION = YES;
				GCC_WARN_ABOUT_RETURN_TYPE = YES_ERROR;
				GCC_WARN_UNDECLARED_SELECTOR = YES;
				GCC_WARN_UNINITIALIZED_AUTOS = YES_AGGRESSIVE;
				GCC_WARN_UNUSED_FUNCTION = YES;
				GCC_WARN_UNUSED_VARIABLE = YES;
				IPHONEOS_DEPLOYMENT_TARGET = 12.4;
				MTL_ENABLE_DEBUG_INFO = NO;
				MTL_FAST_MATH = YES;
				SDKROOT = iphoneos;
				SWIFT_COMPILATION_MODE = wholemodule;
				SWIFT_OPTIMIZATION_LEVEL = "-O";
				VALIDATE_PRODUCT = YES;
			};
			name = Release;
		};
		3BB448BD233231D70002785C /* Debug */ = {
			isa = XCBuildConfiguration;
			buildSettings = {
				ASSETCATALOG_COMPILER_APPICON_NAME = AppIcon;
				CODE_SIGN_STYLE = Automatic;
				DEVELOPMENT_TEAM = 83KKF36338;
				INFOPLIST_FILE = CameraTestAM/Info.plist;
				LD_RUNPATH_SEARCH_PATHS = (
					"$(inherited)",
					"@executable_path/Frameworks",
				);
				PRODUCT_BUNDLE_IDENTIFIER = AM.CameraTestAM;
				PRODUCT_NAME = "$(TARGET_NAME)";
				SWIFT_VERSION = 4.2;
				TARGETED_DEVICE_FAMILY = "1,2";
			};
			name = Debug;
		};
		3BB448BE233231D70002785C /* Release */ = {
			isa = XCBuildConfiguration;
			buildSettings = {
				ASSETCATALOG_COMPILER_APPICON_NAME = AppIcon;
				CODE_SIGN_STYLE = Automatic;
				DEVELOPMENT_TEAM = 83KKF36338;
				INFOPLIST_FILE = CameraTestAM/Info.plist;
				LD_RUNPATH_SEARCH_PATHS = (
					"$(inherited)",
					"@executable_path/Frameworks",
				);
				PRODUCT_BUNDLE_IDENTIFIER = AM.CameraTestAM;
				PRODUCT_NAME = "$(TARGET_NAME)";
				SWIFT_VERSION = 4.2;
				TARGETED_DEVICE_FAMILY = "1,2";
			};
			name = Release;
		};
/* End XCBuildConfiguration section */

/* Begin XCConfigurationList section */
		3BB448A5233231D60002785C /* Build configuration list for PBXProject "CameraTestAM" */ = {
			isa = XCConfigurationList;
			buildConfigurations = (
				3BB448BA233231D70002785C /* Debug */,
				3BB448BB233231D70002785C /* Release */,
			);
			defaultConfigurationIsVisible = 0;
			defaultConfigurationName = Release;
		};
		3BB448BC233231D70002785C /* Build configuration list for PBXNativeTarget "CameraTestAM" */ = {
			isa = XCConfigurationList;
			buildConfigurations = (
				3BB448BD233231D70002785C /* Debug */,
				3BB448BE233231D70002785C /* Release */,
			);
			defaultConfigurationIsVisible = 0;
			defaultConfigurationName = Release;
		};
/* End XCConfigurationList section */
	};
	rootObject = 3BB448A2233231D60002785C /* Project object */;
}
